
Microsoft Visual Studio Solution File, Format Version 12.00
# Visual Studio Version 16
VisualStudioVersion = 16.0.29123.88
MinimumVisualStudioVersion = 10.0.40219.1
Project("{FAE04EC0-301F-11D3-BF4B-00C04F79EFBC}") = "Week3App", "Week3App\Week3App.csproj", "{90A3A8B6-303E-4D63-88C1-14029D21C3BD}"
EndProject
Global
	GlobalSection(SolutionConfigurationPlatforms) = preSolution
		Debug|Any CPU = Debug|Any CPU
		Release|Any CPU = Release|Any CPU
	EndGlobalSection
	GlobalSection(ProjectConfigurationPlatforms) = postSolution
		{90A3A8B6-303E-4D63-88C1-14029D21C3BD}.Debug|Any CPU.ActiveCfg = Debug|Any CPU
		{90A3A8B6-303E-4D63-88C1-14029D21C3BD}.Debug|Any CPU.Build.0 = Debug|Any CPU
		{90A3A8B6-303E-4D63-88C1-14029D21C3BD}.Release|Any CPU.ActiveCfg = Release|Any CPU
		{90A3A8B6-303E-4D63-88C1-14029D21C3BD}.Release|Any CPU.Build.0 = Release|Any CPU
	EndGlobalSection
	GlobalSection(SolutionProperties) = preSolution
		HideSolutionNode = FALSE
	EndGlobalSection
	GlobalSection(ExtensibilityGlobals) = postSolution
		SolutionGuid = {3C2178AD-A847-4EE1-87E5-01C1EF1FFD46}
	EndGlobalSection
EndGlobal
